// !$*UTF8*$!
{
	archiveVersion = 1;
	classes = {
	};
	objectVersion = 77;
	objects = {

/* Begin PBXBuildFile section */
		754B24162F932CDE007569EF /* FirebaseStorage in Frameworks */ = {isa = PBXBuildFile; productRef = 754B24152F932CDE007569EF /* FirebaseStorage */; };
		754B25202F954A26007569EF /* SkeletonShimmer.swift in Sources */ = {isa = PBXBuildFile; fileRef = 754B251F2F954A26007569EF /* SkeletonShimmer.swift */; };
		757BEE7C2F7556AA00AA1F6F /* ParkingWidgetExtension.appex in Embed Foundation Extensions */ = {isa = PBXBuildFile; fileRef = 757BEE702F7556AA00AA1F6F /* ParkingWidgetExtension.appex */; settings = {ATTRIBUTES = (RemoveHeadersOnCopy, ); }; };
		757BEE8B2F7556AA00AA1F6F /* NotificationContent.appex in Embed Foundation Extensions */ = {isa = PBXBuildFile; fileRef = 757BEE802F7556AA00AA1F6F /* NotificationContent.appex */; settings = {ATTRIBUTES = (RemoveHeadersOnCopy, ); }; };
		75AC0001AC0001AC0001AC01 /* FirebaseAppCheck in Frameworks */ = {isa = PBXBuildFile; productRef = 75AC0002AC0002AC0002AC02 /* FirebaseAppCheck */; };
		75DE50362F97A1E700D1F7E6 /* BookFavoriteSpotIntent.swift in Sources */ = {isa = PBXBuildFile; fileRef = 75DE50352F97A1E600D1F7E6 /* BookFavoriteSpotIntent.swift */; };
		75DF17562FA0A99E00D605A7 /* GlassStyles.swift in Sources */ = {isa = PBXBuildFile; fileRef = 75DF17552FA0A99E00D605A7 /* GlassStyles.swift */; };
		75E0E2D42F76DEBB0028B3F6 /* FirebaseAuth in Frameworks */ = {isa = PBXBuildFile; productRef = 75E0E2D32F76DEBB0028B3F6 /* FirebaseAuth */; };
		75E0E2D62F76DEBB0028B3F6 /* FirebaseFirestore in Frameworks */ = {isa = PBXBuildFile; productRef = 75E0E2D52F76DEBB0028B3F6 /* FirebaseFirestore */; };
		75E0E2D72F76DEBB0028B3F6 /* FirebaseCore in Frameworks */ = {isa = PBXBuildFile; productRef = 75E0E2D82F76DEBB0028B3F6 /* FirebaseCore */; };
		75E0E2DA2F76DEBB0028B3F6 /* FirebaseMessaging in Frameworks */ = {isa = PBXBuildFile; productRef = 75E0E2DB2F76DEBB0028B3F6 /* FirebaseMessaging */; };
/* End PBXBuildFile section */

/* Begin PBXContainerItemProxy section */
		757BEE532F7556AA00AA1F6F /* PBXContainerItemProxy */ = {
			isa = PBXContainerItemProxy;
			containerPortal = 757BEE3D2F7556A800AA1F6F /* Project object */;
			proxyType = 1;
			remoteGlobalIDString = 757BEE442F7556A800AA1F6F;
			remoteInfo = "EL PARKING APP";
		};
		757BEE5D2F7556AA00AA1F6F /* PBXContainerItemProxy */ = {
			isa = PBXContainerItemProxy;
			containerPortal = 757BEE3D2F7556A800AA1F6F /* Project object */;
			proxyType = 1;
			remoteGlobalIDString = 757BEE442F7556A800AA1F6F;
			remoteInfo = "EL PARKING APP";
		};
		757BEE762F7556AA00AA1F6F /* PBXContainerItemProxy */ = {
			isa = PBXContainerItemProxy;
			containerPortal = 757BEE3D2F7556A800AA1F6F /* Project object */;
			proxyType = 1;
			remoteGlobalIDString = 757BEE752F7556AA00AA1F6F;
			remoteInfo = ParkingWidget;
		};
		757BEE862F7556AA00AA1F6F /* PBXContainerItemProxy */ = {
			isa = PBXContainerItemProxy;
			containerPortal = 757BEE3D2F7556A800AA1F6F /* Project object */;
			proxyType = 1;
			remoteGlobalIDString = 757BEE852F7556AA00AA1F6F;
			remoteInfo = NotificationContent;
		};
/* End PBXContainerItemProxy section */

/* Begin PBXCopyFilesBuildPhase section */
		757BEE7B2F7556AA00AA1F6F /* Embed Foundation Extensions */ = {
			isa = PBXCopyFilesBuildPhase;
			buildActionMask = 2147483647;
			dstPath = "";
			dstSubfolderSpec = 13;
			files = (
				757BEE7C2F7556AA00AA1F6F /* ParkingWidgetExtension.appex in Embed Foundation Extensions */,
				757BEE8B2F7556AA00AA1F6F /* NotificationContent.appex in Embed Foundation Extensions */,
			);
			name = "Embed Foundation Extensions";
			runOnlyForDeploymentPostprocessing = 0;
		};
/* End PBXCopyFilesBuildPhase section */

/* Begin PBXFileReference section */
		754B251F2F954A26007569EF /* SkeletonShimmer.swift */ = {isa = PBXFileReference; lastKnownFileType = sourcecode.swift; path = SkeletonShimmer.swift; sourceTree = "<group>"; };
		757BEE452F7556A800AA1F6F /* EL PARKING APP.app */ = {isa = PBXFileReference; explicitFileType = wrapper.application; includeInIndex = 0; path = "EL PARKING APP.app"; sourceTree = BUILT_PRODUCTS_DIR; };
		757BEE522F7556AA00AA1F6F /* EL PARKING APPTests.xctest */ = {isa = PBXFileReference; explicitFileType = wrapper.cfbundle; includeInIndex = 0; path = "EL PARKING APPTests.xctest"; sourceTree = BUILT_PRODUCTS_DIR; };
		757BEE5C2F7556AA00AA1F6F /* EL PARKING APPUITests.xctest */ = {isa = PBXFileReference; explicitFileType = wrapper.cfbundle; includeInIndex = 0; path = "EL PARKING APPUITests.xctest"; sourceTree = BUILT_PRODUCTS_DIR; };
		757BEE702F7556AA00AA1F6F /* ParkingWidgetExtension.appex */ = {isa = PBXFileReference; explicitFileType = "wrapper.app-extension"; includeInIndex = 0; path = ParkingWidgetExtension.appex; sourceTree = BUILT_PRODUCTS_DIR; };
		757BEE802F7556AA00AA1F6F /* NotificationContent.appex */ = {isa = PBXFileReference; explicitFileType = "wrapper.app-extension"; includeInIndex = 0; path = NotificationContent.appex; sourceTree = BUILT_PRODUCTS_DIR; };
		75DE50352F97A1E600D1F7E6 /* BookFavoriteSpotIntent.swift */ = {isa = PBXFileReference; lastKnownFileType = sourcecode.swift; path = BookFavoriteSpotIntent.swift; sourceTree = "<group>"; };
		75DF17552FA0A99E00D605A7 /* GlassStyles.swift */ = {isa = PBXFileReference; lastKnownFileType = sourcecode.swift; path = GlassStyles.swift; sourceTree = "<group>"; };
/* End PBXFileReference section */

/* Begin PBXFileSystemSynchronizedBuildFileExceptionSet section */
		75CC10002F77AA0000000001 /* Exceptions for "EL PARKING APP" folder in "EL PARKING APP" target */ = {
			isa = PBXFileSystemSynchronizedBuildFileExceptionSet;
			membershipExceptions = (
				Info.plist,
			);
			target = 757BEE442F7556A800AA1F6F /* EL PARKING APP */;
		};
/* End PBXFileSystemSynchronizedBuildFileExceptionSet section */

/* Begin PBXFileSystemSynchronizedRootGroup section */
		757BEE472F7556A800AA1F6F /* EL PARKING APP */ = {
			isa = PBXFileSystemSynchronizedRootGroup;
			exceptions = (
				75CC10002F77AA0000000001 /* Exceptions for "EL PARKING APP" folder in "EL PARKING APP" target */,
			);
			path = "EL PARKING APP";
			sourceTree = "<group>";
		};
		757BEE552F7556AA00AA1F6F /* EL PARKING APPTests */ = {
			isa = PBXFileSystemSynchronizedRootGroup;
			path = "EL PARKING APPTests";
			sourceTree = "<group>";
		};
		757BEE5F2F7556AA00AA1F6F /* EL PARKING APPUITests */ = {
			isa = PBXFileSystemSynchronizedRootGroup;
			path = "EL PARKING APPUITests";
			sourceTree = "<group>";
		};
		757BEE712F7556AA00AA1F6F /* ParkingWidget */ = {
			isa = PBXFileSystemSynchronizedRootGroup;
			path = ParkingWidget;
			sourceTree = "<group>";
		};
		757BEE812F7556AA00AA1F6F /* NotificationContent */ = {
			isa = PBXFileSystemSynchronizedRootGroup;
			path = NotificationContent;
			sourceTree = "<group>";
		};
/* End PBXFileSystemSynchronizedRootGroup section */

/* Begin PBXFrameworksBuildPhase section */
		757BEE422F7556A800AA1F6F /* Frameworks */ = {
			isa = PBXFrameworksBuildPhase;
			buildActionMask = 2147483647;
			files = (
				75E0E2D42F76DEBB0028B3F6 /* FirebaseAuth in Frameworks */,
				75AC0001AC0001AC0001AC01 /* FirebaseAppCheck in Frameworks */,
				75E0E2D72F76DEBB0028B3F6 /* FirebaseCore in Frameworks */,
				75E0E2D62F76DEBB0028B3F6 /* FirebaseFirestore in Frameworks */,
				75E0E2DA2F76DEBB0028B3F6 /* FirebaseMessaging in Frameworks */,
				754B24162F932CDE007569EF /* FirebaseStorage in Frameworks */,
			);
			runOnlyForDeploymentPostprocessing = 0;
		};
		757BEE4F2F7556AA00AA1F6F /* Frameworks */ = {
			isa = PBXFrameworksBuildPhase;
			buildActionMask = 2147483647;
			files = (
			);
			runOnlyForDeploymentPostprocessing = 0;
		};
		757BEE592F7556AA00AA1F6F /* Frameworks */ = {
			isa = PBXFrameworksBuildPhase;
			buildActionMask = 2147483647;
			files = (
			);
			runOnlyForDeploymentPostprocessing = 0;
		};
		757BEE732F7556AA00AA1F6F /* Frameworks */ = {
			isa = PBXFrameworksBuildPhase;
			buildActionMask = 2147483647;
			files = (
			);
			runOnlyForDeploymentPostprocessing = 0;
		};
		757BEE832F7556AA00AA1F6F /* Frameworks */ = {
			isa = PBXFrameworksBuildPhase;
			buildActionMask = 2147483647;
			files = (
			);
			runOnlyForDeploymentPostprocessing = 0;
		};
/* End PBXFrameworksBuildPhase section */

/* Begin PBXGroup section */
		754B24142F932CDE007569EF /* Frameworks */ = {
			isa = PBXGroup;
			children = (
			);
			name = Frameworks;
			sourceTree = "<group>";
		};
		757BEE3C2F7556A800AA1F6F = {
			isa = PBXGroup;
			children = (
				757BEE472F7556A800AA1F6F /* EL PARKING APP */,
				757BEE712F7556AA00AA1F6F /* ParkingWidget */,
				757BEE812F7556AA00AA1F6F /* NotificationContent */,
				757BEE552F7556AA00AA1F6F /* EL PARKING APPTests */,
				757BEE5F2F7556AA00AA1F6F /* EL PARKING APPUITests */,
				754B24142F932CDE007569EF /* Frameworks */,
				757BEE462F7556A800AA1F6F /* Products */,
				754B251F2F954A26007569EF /* SkeletonShimmer.swift */,
				75DE50352F97A1E600D1F7E6 /* BookFavoriteSpotIntent.swift */,
				75DF17552FA0A99E00D605A7 /* GlassStyles.swift */,
			);
			sourceTree = "<group>";
		};
		757BEE462F7556A800AA1F6F /* Products */ = {
			isa = PBXGroup;
			children = (
				757BEE452F7556A800AA1F6F /* EL PARKING APP.app */,
				757BEE522F7556AA00AA1F6F /* EL PARKING APPTests.xctest */,
				757BEE5C2F7556AA00AA1F6F /* EL PARKING APPUITests.xctest */,
				757BEE702F7556AA00AA1F6F /* ParkingWidgetExtension.appex */,
				757BEE802F7556AA00AA1F6F /* NotificationContent.appex */,
			);
			name = Products;
			sourceTree = "<group>";
		};
/* End PBXGroup section */

/* Begin PBXNativeTarget section */
		757BEE442F7556A800AA1F6F /* EL PARKING APP */ = {
			isa = PBXNativeTarget;
			buildConfigurationList = 757BEE662F7556AA00AA1F6F /* Build configuration list for PBXNativeTarget "EL PARKING APP" */;
			buildPhases = (
				757BEE412F7556A800AA1F6F /* Sources */,
				757BEE422F7556A800AA1F6F /* Frameworks */,
				757BEE432F7556A800AA1F6F /* Resources */,
				757BEE7B2F7556AA00AA1F6F /* Embed Foundation Extensions */,
			);
			buildRules = (
			);
			dependencies = (
				757BEE772F7556AA00AA1F6F /* PBXTargetDependency */,
				757BEE872F7556AA00AA1F6F /* PBXTargetDependency */,
			);
			fileSystemSynchronizedGroups = (
				757BEE472F7556A800AA1F6F /* EL PARKING APP */,
			);
			name = "EL PARKING APP";
			packageProductDependencies = (
				75E0E2D32F76DEBB0028B3F6 /* FirebaseAuth */,
				75AC0002AC0002AC0002AC02 /* FirebaseAppCheck */,
				75E0E2D82F76DEBB0028B3F6 /* FirebaseCore */,
				75E0E2D52F76DEBB0028B3F6 /* FirebaseFirestore */,
				75E0E2DB2F76DEBB0028B3F6 /* FirebaseMessaging */,
				754B24152F932CDE007569EF /* FirebaseStorage */,
			);
			productName = "EL PARKING APP";
			productReference = 757BEE452F7556A800AA1F6F /* EL PARKING APP.app */;
			productType = "com.apple.product-type.application";
		};
		757BEE512F7556AA00AA1F6F /* EL PARKING APPTests */ = {
			isa = PBXNativeTarget;
			buildConfigurationList = 757BEE692F7556AA00AA1F6F /* Build configuration list for PBXNativeTarget "EL PARKING APPTests" */;
			buildPhases = (
				757BEE4E2F7556AA00AA1F6F /* Sources */,
				757BEE4F2F7556AA00AA1F6F /* Frameworks */,
				757BEE502F7556AA00AA1F6F /* Resources */,
			);
			buildRules = (
			);
			dependencies = (
				757BEE542F7556AA00AA1F6F /* PBXTargetDependency */,
			);
			fileSystemSynchronizedGroups = (
				757BEE552F7556AA00AA1F6F /* EL PARKING APPTests */,
			);
			name = "EL PARKING APPTests";
			packageProductDependencies = (
			);
			productName = "EL PARKING APPTests";
			productReference = 757BEE522F7556AA00AA1F6F /* EL PARKING APPTests.xctest */;
			productType = "com.apple.product-type.bundle.unit-test";
		};
		757BEE5B2F7556AA00AA1F6F /* EL PARKING APPUITests */ = {
			isa = PBXNativeTarget;
			buildConfigurationList = 757BEE6C2F7556AA00AA1F6F /* Build configuration list for PBXNativeTarget "EL PARKING APPUITests" */;
			buildPhases = (
				757BEE582F7556AA00AA1F6F /* Sources */,
				757BEE592F7556AA00AA1F6F /* Frameworks */,
				757BEE5A2F7556AA00AA1F6F /* Resources */,
			);
			buildRules = (
			);
			dependencies = (
				757BEE5E2F7556AA00AA1F6F /* PBXTargetDependency */,
			);
			fileSystemSynchronizedGroups = (
				757BEE5F2F7556AA00AA1F6F /* EL PARKING APPUITests */,
			);
			name = "EL PARKING APPUITests";
			packageProductDependencies = (
			);
			productName = "EL PARKING APPUITests";
			productReference = 757BEE5C2F7556AA00AA1F6F /* EL PARKING APPUITests.xctest */;
			productType = "com.apple.product-type.bundle.ui-testing";
		};
		757BEE752F7556AA00AA1F6F /* ParkingWidget */ = {
			isa = PBXNativeTarget;
			buildConfigurationList = 757BEE7A2F7556AA00AA1F6F /* Build configuration list for PBXNativeTarget "ParkingWidget" */;
			buildPhases = (
				757BEE722F7556AA00AA1F6F /* Sources */,
				757BEE732F7556AA00AA1F6F /* Frameworks */,
				757BEE742F7556AA00AA1F6F /* Resources */,
			);
			buildRules = (
			);
			dependencies = (
			);
			fileSystemSynchronizedGroups = (
				757BEE712F7556AA00AA1F6F /* ParkingWidget */,
			);
			name = ParkingWidget;
			packageProductDependencies = (
			);
			productName = ParkingWidgetExtension;
			productReference = 757BEE702F7556AA00AA1F6F /* ParkingWidgetExtension.appex */;
			productType = "com.apple.product-type.app-extension";
		};
		757BEE852F7556AA00AA1F6F /* NotificationContent */ = {
			isa = PBXNativeTarget;
			buildConfigurationList = 75B4450D2F76949F00425F09 /* Build configuration list for PBXNativeTarget "NotificationContent" */;
			buildPhases = (
				757BEE822F7556AA00AA1F6F /* Sources */,
				757BEE832F7556AA00AA1F6F /* Frameworks */,
				757BEE842F7556AA00AA1F6F /* Resources */,
			);
			buildRules = (
			);
			dependencies = (
			);
			fileSystemSynchronizedGroups = (
				757BEE812F7556AA00AA1F6F /* NotificationContent */,
			);
			name = NotificationContent;
			packageProductDependencies = (
			);
			productName = NotificationContent;
			productReference = 757BEE802F7556AA00AA1F6F /* NotificationContent.appex */;
			productType = "com.apple.product-type.app-extension";
		};
/* End PBXNativeTarget section */

/* Begin PBXProject section */
		757BEE3D2F7556A800AA1F6F /* Project object */ = {
			isa = PBXProject;
			attributes = {
				BuildIndependentTargetsInParallel = 1;
				LastSwiftUpdateCheck = 2630;
				LastUpgradeCheck = 2640;
				TargetAttributes = {
					757BEE442F7556A800AA1F6F = {
						CreatedOnToolsVersion = 26.3;
					};
					757BEE512F7556AA00AA1F6F = {
						CreatedOnToolsVersion = 26.3;
						TestTargetID = 757BEE442F7556A800AA1F6F;
					};
					757BEE5B2F7556AA00AA1F6F = {
						CreatedOnToolsVersion = 26.3;
						TestTargetID = 757BEE442F7556A800AA1F6F;
					};
					757BEE752F7556AA00AA1F6F = {
						CreatedOnToolsVersion = 26.3;
					};
					757BEE852F7556AA00AA1F6F = {
						CreatedOnToolsVersion = 26.3;
					};
				};
			};
			buildConfigurationList = 757BEE402F7556A800AA1F6F /* Build configuration list for PBXProject "EL PARKING APP" */;
			developmentRegion = en;
			hasScannedForEncodings = 0;
			knownRegions = (
				en,
				Base,
			);
			mainGroup = 757BEE3C2F7556A800AA1F6F;
			minimizedProjectReferenceProxies = 1;
			packageReferences = (
				75E0E2D22F76DEBB0028B3F6 /* XCRemoteSwiftPackageReference "firebase-ios-sdk" */,
			);
			preferredProjectObjectVersion = 77;
			productRefGroup = 757BEE462F7556A800AA1F6F /* Products */;
			projectDirPath = "";
			projectRoot = "";
			targets = (
				757BEE442F7556A800AA1F6F /* EL PARKING APP */,
				757BEE512F7556AA00AA1F6F /* EL PARKING APPTests */,
				757BEE5B2F7556AA00AA1F6F /* EL PARKING APPUITests */,
				757BEE752F7556AA00AA1F6F /* ParkingWidget */,
				757BEE852F7556AA00AA1F6F /* NotificationContent */,
			);
		};
/* End PBXProject section */

/* Begin PBXResourcesBuildPhase section */
		757BEE432F7556A800AA1F6F /* Resources */ = {
			isa = PBXResourcesBuildPhase;
			buildActionMask = 2147483647;
			files = (
			);
			runOnlyForDeploymentPostprocessing = 0;
		};
		757BEE502F7556AA00AA1F6F /* Resources */ = {
			isa = PBXResourcesBuildPhase;
			buildActionMask = 2147483647;
			files = (
			);
			runOnlyForDeploymentPostprocessing = 0;
		};
		757BEE5A2F7556AA00AA1F6F /* Resources */ = {
			isa = PBXResourcesBuildPhase;
			buildActionMask = 2147483647;
			files = (
			);
			runOnlyForDeploymentPostprocessing = 0;
		};
		757BEE742F7556AA00AA1F6F /* Resources */ = {
			isa = PBXResourcesBuildPhase;
			buildActionMask = 2147483647;
			files = (
			);
			runOnlyForDeploymentPostprocessing = 0;
		};
		757BEE842F7556AA00AA1F6F /* Resources */ = {
			isa = PBXResourcesBuildPhase;
			buildActionMask = 2147483647;
			files = (
			);
			runOnlyForDeploymentPostprocessing = 0;
		};
/* End PBXResourcesBuildPhase section */

/* Begin PBXSourcesBuildPhase section */
		757BEE412F7556A800AA1F6F /* Sources */ = {
			isa = PBXSourcesBuildPhase;
			buildActionMask = 2147483647;
			files = (
				754B25202F954A26007569EF /* SkeletonShimmer.swift in Sources */,
				75DF17562FA0A99E00D605A7 /* GlassStyles.swift in Sources */,
				75DE50362F97A1E700D1F7E6 /* BookFavoriteSpotIntent.swift in Sources */,
			);
			runOnlyForDeploymentPostprocessing = 0;
		};
		757BEE4E2F7556AA00AA1F6F /* Sources */ = {
			isa = PBXSourcesBuildPhase;
			buildActionMask = 2147483647;
			files = (
			);
			runOnlyForDeploymentPostprocessing = 0;
		};
		757BEE582F7556AA00AA1F6F /* Sources */ = {
			isa = PBXSourcesBuildPhase;
			buildActionMask = 2147483647;
			files = (
			);
			runOnlyForDeploymentPostprocessing = 0;
		};
		757BEE722F7556AA00AA1F6F /* Sources */ = {
			isa = PBXSourcesBuildPhase;
			buildActionMask = 2147483647;
			files = (
			);
			runOnlyForDeploymentPostprocessing = 0;
		};
		757BEE822F7556AA00AA1F6F /* Sources */ = {
			isa = PBXSourcesBuildPhase;
			buildActionMask = 2147483647;
			files = (
			);
			runOnlyForDeploymentPostprocessing = 0;
		};
/* End PBXSourcesBuildPhase section */

/* Begin PBXTargetDependency section */
		757BEE542F7556AA00AA1F6F /* PBXTargetDependency */ = {
			isa = PBXTargetDependency;
			target = 757BEE442F7556A800AA1F6F /* EL PARKING APP */;
			targetProxy = 757BEE532F7556AA00AA1F6F /* PBXContainerItemProxy */;
		};
		757BEE5E2F7556AA00AA1F6F /* PBXTargetDependency */ = {
			isa = PBXTargetDependency;
			target = 757BEE442F7556A800AA1F6F /* EL PARKING APP */;
			targetProxy = 757BEE5D2F7556AA00AA1F6F /* PBXContainerItemProxy */;
		};
		757BEE772F7556AA00AA1F6F /* PBXTargetDependency */ = {
			isa = PBXTargetDependency;
			target = 757BEE752F7556AA00AA1F6F /* ParkingWidget */;
			targetProxy = 757BEE762F7556AA00AA1F6F /* PBXContainerItemProxy */;
		};
		757BEE872F7556AA00AA1F6F /* PBXTargetDependency */ = {
			isa = PBXTargetDependency;
			target = 757BEE852F7556AA00AA1F6F /* NotificationContent */;
			targetProxy = 757BEE862F7556AA00AA1F6F /* PBXContainerItemProxy */;
		};
/* End PBXTargetDependency section */

/* Begin XCBuildConfiguration section */
		757BEE642F7556AA00AA1F6F /* Debug */ = {
			isa = XCBuildConfiguration;
			buildSettings = {
				ALWAYS_SEARCH_USER_PATHS = NO;
				ASSETCATALOG_COMPILER_GENERATE_SWIFT_ASSET_SYMBOL_EXTENSIONS = YES;
				CLANG_ANALYZER_NONNULL = YES;
				CLANG_ANALYZER_NUMBER_OBJECT_CONVERSION = YES_AGGRESSIVE;
				CLANG_CXX_LANGUAGE_STANDARD = "gnu++20";
				CLANG_ENABLE_MODULES = YES;
				CLANG_ENABLE_OBJC_ARC = YES;
				CLANG_ENABLE_OBJC_WEAK = YES;
				CLANG_WARN_BLOCK_CAPTURE_AUTORELEASING = YES;
				CLANG_WARN_BOOL_CONVERSION = YES;
				CLANG_WARN_COMMA = YES;
				CLANG_WARN_CONSTANT_CONVERSION = YES;
				CLANG_WARN_DEPRECATED_OBJC_IMPLEMENTATIONS = YES;
				CLANG_WARN_DIRECT_OBJC_ISA_USAGE = YES_ERROR;
				CLANG_WARN_DOCUMENTATION_COMMENTS = YES;
				CLANG_WARN_EMPTY_BODY = YES;
				CLANG_WARN_ENUM_CONVERSION = YES;
				CLANG_WARN_INFINITE_RECURSION = YES;
				CLANG_WARN_INT_CONVERSION = YES;
				CLANG_WARN_NON_LITERAL_NULL_CONVERSION = YES;
				CLANG_WARN_OBJC_IMPLICIT_RETAIN_SELF = YES;
				CLANG_WARN_OBJC_LITERAL_CONVERSION = YES;
				CLANG_WARN_OBJC_ROOT_CLASS = YES_ERROR;
				CLANG_WARN_QUOTED_INCLUDE_IN_FRAMEWORK_HEADER = YES;
				CLANG_WARN_RANGE_LOOP_ANALYSIS = YES;
				CLANG_WARN_STRICT_PROTOTYPES = YES;
				CLANG_WARN_SUSPICIOUS_MOVE = YES;
				CLANG_WARN_UNGUARDED_AVAILABILITY = YES_AGGRESSIVE;
				CLANG_WARN_UNREACHABLE_CODE = YES;
				CLANG_WARN__DUPLICATE_METHOD_MATCH = YES;
				COPY_PHASE_STRIP = NO;
				DEAD_CODE_STRIPPING = YES;
				DEBUG_INFORMATION_FORMAT = dwarf;
				DEVELOPMENT_TEAM = MDSFQFZ8DJ;
				ENABLE_STRICT_OBJC_MSGSEND = YES;
				ENABLE_TESTABILITY = YES;
				ENABLE_USER_SCRIPT_SANDBOXING = YES;
				GCC_C_LANGUAGE_STANDARD = gnu17;
				GCC_DYNAMIC_NO_PIC = NO;
				GCC_NO_COMMON_BLOCKS = YES;
				GCC_OPTIMIZATION_LEVEL = 0;
				GCC_PREPROCESSOR_DEFINITIONS = (
					"DEBUG=1",
					"$(inherited)",
				);
				GCC_WARN_64_TO_32_BIT_CONVERSION = YES;
				GCC_WARN_ABOUT_RETURN_TYPE = YES_ERROR;
				GCC_WARN_UNDECLARED_SELECTOR = YES;
				GCC_WARN_UNINITIALIZED_AUTOS = YES_AGGRESSIVE;
				GCC_WARN_UNUSED_FUNCTION = YES;
				GCC_WARN_UNUSED_VARIABLE = YES;
				LOCALIZATION_PREFERS_STRING_CATALOGS = YES;
				MTL_ENABLE_DEBUG_INFO = INCLUDE_SOURCE;
				MTL_FAST_MATH = YES;
				ONLY_ACTIVE_ARCH = YES;
				STRING_CATALOG_GENERATE_SYMBOLS = YES;
				SWIFT_ACTIVE_COMPILATION_CONDITIONS = "DEBUG $(inherited)";
				SWIFT_OPTIMIZATION_LEVEL = "-Onone";
			};
			name = Debug;
		};
		757BEE652F7556AA00AA1F6F /* Release */ = {
			isa = XCBuildConfiguration;
			buildSettings = {
				ALWAYS_SEARCH_USER_PATHS = NO;
				ASSETCATALOG_COMPILER_GENERATE_SWIFT_ASSET_SYMBOL_EXTENSIONS = YES;
				CLANG_ANALYZER_NONNULL = YES;
				CLANG_ANALYZER_NUMBER_OBJECT_CONVERSION = YES_AGGRESSIVE;
				CLANG_CXX_LANGUAGE_STANDARD = "gnu++20";
				CLANG_ENABLE_MODULES = YES;
				CLANG_ENABLE_OBJC_ARC = YES;
				CLANG_ENABLE_OBJC_WEAK = YES;
				CLANG_WARN_BLOCK_CAPTURE_AUTORELEASING = YES;
				CLANG_WARN_BOOL_CONVERSION = YES;
				CLANG_WARN_COMMA = YES;
				CLANG_WARN_CONSTANT_CONVERSION = YES;
				CLANG_WARN_DEPRECATED_OBJC_IMPLEMENTATIONS = YES;
				CLANG_WARN_DIRECT_OBJC_ISA_USAGE = YES_ERROR;
				CLANG_WARN_DOCUMENTATION_COMMENTS = YES;
				CLANG_WARN_EMPTY_BODY = YES;
				CLANG_WARN_ENUM_CONVERSION = YES;
				CLANG_WARN_INFINITE_RECURSION = YES;
				CLANG_WARN_INT_CONVERSION = YES;
				CLANG_WARN_NON_LITERAL_NULL_CONVERSION = YES;
				CLANG_WARN_OBJC_IMPLICIT_RETAIN_SELF = YES;
				CLANG_WARN_OBJC_LITERAL_CONVERSION = YES;
				CLANG_WARN_OBJC_ROOT_CLASS = YES_ERROR;
				CLANG_WARN_QUOTED_INCLUDE_IN_FRAMEWORK_HEADER = YES;
				CLANG_WARN_RANGE_LOOP_ANALYSIS = YES;
				CLANG_WARN_STRICT_PROTOTYPES = YES;
				CLANG_WARN_SUSPICIOUS_MOVE = YES;
				CLANG_WARN_UNGUARDED_AVAILABILITY = YES_AGGRESSIVE;
				CLANG_WARN_UNREACHABLE_CODE = YES;
				CLANG_WARN__DUPLICATE_METHOD_MATCH = YES;
				COPY_PHASE_STRIP = NO;
				DEAD_CODE_STRIPPING = YES;
				DEBUG_INFORMATION_FORMAT = "dwarf-with-dsym";
				DEVELOPMENT_TEAM = MDSFQFZ8DJ;
				ENABLE_NS_ASSERTIONS = NO;
				ENABLE_STRICT_OBJC_MSGSEND = YES;
				ENABLE_USER_SCRIPT_SANDBOXING = YES;
				GCC_C_LANGUAGE_STANDARD = gnu17;
				GCC_NO_COMMON_BLOCKS = YES;
				GCC_WARN_64_TO_32_BIT_CONVERSION = YES;
				GCC_WARN_ABOUT_RETURN_TYPE = YES_ERROR;
				GCC_WARN_UNDECLARED_SELECTOR = YES;
				GCC_WARN_UNINITIALIZED_AUTOS = YES_AGGRESSIVE;
				GCC_WARN_UNUSED_FUNCTION = YES;
				GCC_WARN_UNUSED_VARIABLE = YES;
				LOCALIZATION_PREFERS_STRING_CATALOGS = YES;
				MTL_ENABLE_DEBUG_INFO = NO;
				MTL_FAST_MATH = YES;
				STRING_CATALOG_GENERATE_SYMBOLS = YES;
				SWIFT_COMPILATION_MODE = wholemodule;
			};
			name = Release;
		};
		757BEE672F7556AA00AA1F6F /* Debug */ = {
			isa = XCBuildConfiguration;
			buildSettings = {
				ASSETCATALOG_COMPILER_APPICON_NAME = AppIcon;
				ASSETCATALOG_COMPILER_GLOBAL_ACCENT_COLOR_NAME = AccentColor;
				CODE_SIGN_ENTITLEMENTS = "EL PARKING APP/EL_PARKING_APP.entitlements";
				CODE_SIGN_STYLE = Automatic;
				CURRENT_PROJECT_VERSION = 33;
				DEVELOPMENT_TEAM = MDSFQFZ8DJ;
				ENABLE_PREVIEWS = YES;
				GENERATE_INFOPLIST_FILE = YES;
				INFOPLIST_FILE = "EL PARKING APP/Info.plist";
				INFOPLIST_KEY_CFBundleDisplayName = "EL Parking";
				INFOPLIST_KEY_ITSAppUsesNonExemptEncryption = NO;
				INFOPLIST_KEY_LSApplicationCategoryType = "public.app-category.productivity";
				INFOPLIST_KEY_NSFaceIDUsageDescription = "EL Parking uses Face ID to sign you in securely without a password.";
				INFOPLIST_KEY_NSSupportsLiveActivities = YES;
				"INFOPLIST_KEY_UIApplicationSceneManifest_Generation[sdk=iphoneos*]" = YES;
				"INFOPLIST_KEY_UIApplicationSceneManifest_Generation[sdk=iphonesimulator*]" = YES;
				INFOPLIST_KEY_UIApplicationSupportsIndirectInputEvents = YES;
				"INFOPLIST_KEY_UIApplicationSupportsIndirectInputEvents[sdk=iphoneos*]" = YES;
				"INFOPLIST_KEY_UIApplicationSupportsIndirectInputEvents[sdk=iphonesimulator*]" = YES;
				"INFOPLIST_KEY_UILaunchScreen_Generation[sdk=iphoneos*]" = YES;
				"INFOPLIST_KEY_UILaunchScreen_Generation[sdk=iphonesimulator*]" = YES;
				INFOPLIST_KEY_UIStatusBarStyle = UIStatusBarStyleDefault;
				"INFOPLIST_KEY_UIStatusBarStyle[sdk=iphoneos*]" = UIStatusBarStyleDefault;
				"INFOPLIST_KEY_UIStatusBarStyle[sdk=iphonesimulator*]" = UIStatusBarStyleDefault;
				INFOPLIST_KEY_UISupportedInterfaceOrientations = UIInterfaceOrientationPortrait;
				INFOPLIST_KEY_UISupportedInterfaceOrientations_iPad = "UIInterfaceOrientationLandscapeLeft UIInterfaceOrientationLandscapeRight UIInterfaceOrientationPortrait UIInterfaceOrientationPortraitUpsideDown";
				IPHONEOS_DEPLOYMENT_TARGET = 26.0;
				LD_RUNPATH_SEARCH_PATHS = "@executable_path/Frameworks";
				MARKETING_VERSION = 6.6;
				PRODUCT_BUNDLE_IDENTIFIER = com.stivmalakjan.elparkingapp;
				PRODUCT_NAME = "$(TARGET_NAME)";
				SDKROOT = iphoneos;
				STRING_CATALOG_GENERATE_SYMBOLS = YES;
				SUPPORTED_PLATFORMS = "iphoneos iphonesimulator";
				SWIFT_APPROACHABLE_CONCURRENCY = YES;
				SWIFT_DEFAULT_ACTOR_ISOLATION = MainActor;
				SWIFT_EMIT_LOC_STRINGS = YES;
				SWIFT_UPCOMING_FEATURE_MEMBER_IMPORT_VISIBILITY = YES;
				SWIFT_VERSION = 5.0;
				TARGETED_DEVICE_FAMILY = 1;
			};
			name = Debug;
		};
		757BEE682F7556AA00AA1F6F /* Release */ = {
			isa = XCBuildConfiguration;
			buildSettings = {
				ASSETCATALOG_COMPILER_APPICON_NAME = AppIcon;
				ASSETCATALOG_COMPILER_GLOBAL_ACCENT_COLOR_NAME = AccentColor;
				CODE_SIGN_ENTITLEMENTS = "EL PARKING APP/EL_PARKING_APP.entitlements";
				CODE_SIGN_STYLE = Automatic;
				CURRENT_PROJECT_VERSION = 33;
				DEVELOPMENT_TEAM = MDSFQFZ8DJ;
				ENABLE_PREVIEWS = YES;
				GENERATE_INFOPLIST_FILE = YES;
				INFOPLIST_FILE = "EL PARKING APP/Info.plist";
				INFOPLIST_KEY_CFBundleDisplayName = "EL Parking";
				INFOPLIST_KEY_ITSAppUsesNonExemptEncryption = NO;
				INFOPLIST_KEY_LSApplicationCategoryType = "public.app-category.productivity";
				INFOPLIST_KEY_NSFaceIDUsageDescription = "EL Parking uses Face ID to sign you in securely without a password.";
				INFOPLIST_KEY_NSSupportsLiveActivities = YES;
				"INFOPLIST_KEY_UIApplicationSceneManifest_Generation[sdk=iphoneos*]" = YES;
				"INFOPLIST_KEY_UIApplicationSceneManifest_Generation[sdk=iphonesimulator*]" = YES;
				INFOPLIST_KEY_UIApplicationSupportsIndirectInputEvents = YES;
				"INFOPLIST_KEY_UIApplicationSupportsIndirectInputEvents[sdk=iphoneos*]" = YES;
				"INFOPLIST_KEY_UIApplicationSupportsIndirectInputEvents[sdk=iphonesimulator*]" = YES;
				"INFOPLIST_KEY_UILaunchScreen_Generation[sdk=iphoneos*]" = YES;
				"INFOPLIST_KEY_UILaunchScreen_Generation[sdk=iphonesimulator*]" = YES;
				INFOPLIST_KEY_UIStatusBarStyle = UIStatusBarStyleDefault;
				"INFOPLIST_KEY_UIStatusBarStyle[sdk=iphoneos*]" = UIStatusBarStyleDefault;
				"INFOPLIST_KEY_UIStatusBarStyle[sdk=iphonesimulator*]" = UIStatusBarStyleDefault;
				INFOPLIST_KEY_UISupportedInterfaceOrientations = UIInterfaceOrientationPortrait;
				INFOPLIST_KEY_UISupportedInterfaceOrientations_iPad = "UIInterfaceOrientationLandscapeLeft UIInterfaceOrientationLandscapeRight UIInterfaceOrientationPortrait UIInterfaceOrientationPortraitUpsideDown";
				IPHONEOS_DEPLOYMENT_TARGET = 26.0;
				LD_RUNPATH_SEARCH_PATHS = "@executable_path/Frameworks";
				MARKETING_VERSION = 6.6;
				PRODUCT_BUNDLE_IDENTIFIER = com.stivmalakjan.elparkingapp;
				PRODUCT_NAME = "$(TARGET_NAME)";
				SDKROOT = iphoneos;
				STRING_CATALOG_GENERATE_SYMBOLS = YES;
				SUPPORTED_PLATFORMS = "iphoneos iphonesimulator";
				SWIFT_APPROACHABLE_CONCURRENCY = YES;
				SWIFT_DEFAULT_ACTOR_ISOLATION = MainActor;
				SWIFT_EMIT_LOC_STRINGS = YES;
				SWIFT_UPCOMING_FEATURE_MEMBER_IMPORT_VISIBILITY = YES;
				SWIFT_VERSION = 5.0;
				TARGETED_DEVICE_FAMILY = 1;
			};
			name = Release;
		};
		757BEE6A2F7556AA00AA1F6F /* Debug */ = {
			isa = XCBuildConfiguration;
			buildSettings = {
				BUNDLE_LOADER = "$(TEST_HOST)";
				CODE_SIGN_STYLE = Automatic;
				CURRENT_PROJECT_VERSION = 20;
				DEAD_CODE_STRIPPING = YES;
				DEVELOPMENT_TEAM = MDSFQFZ8DJ;
				GENERATE_INFOPLIST_FILE = YES;
				IPHONEOS_DEPLOYMENT_TARGET = 26.2;
				MACOSX_DEPLOYMENT_TARGET = 11.0;
				MARKETING_VERSION = 2.0;
				PRODUCT_BUNDLE_IDENTIFIER = com.stivmalakjan.elparkingapp.tests;
				PRODUCT_NAME = "$(TARGET_NAME)";
				SDKROOT = auto;
				STRING_CATALOG_GENERATE_SYMBOLS = NO;
				SUPPORTED_PLATFORMS = "iphoneos iphonesimulator";
				SWIFT_APPROACHABLE_CONCURRENCY = YES;
				SWIFT_EMIT_LOC_STRINGS = NO;
				SWIFT_UPCOMING_FEATURE_MEMBER_IMPORT_VISIBILITY = YES;
				SWIFT_VERSION = 5.0;
				TARGETED_DEVICE_FAMILY = 1;
				TEST_HOST = "$(BUILT_PRODUCTS_DIR)/EL PARKING APP.app/$(BUNDLE_EXECUTABLE_FOLDER_PATH)/EL PARKING APP";
			};
			name = Debug;
		};
		757BEE6B2F7556AA00AA1F6F /* Release */ = {
			isa = XCBuildConfiguration;
			buildSettings = {
				BUNDLE_LOADER = "$(TEST_HOST)";
				CODE_SIGN_STYLE = Automatic;
				CURRENT_PROJECT_VERSION = 20;
				DEAD_CODE_STRIPPING = YES;
				DEVELOPMENT_TEAM = MDSFQFZ8DJ;
				GENERATE_INFOPLIST_FILE = YES;
				IPHONEOS_DEPLOYMENT_TARGET = 26.2;
				MACOSX_DEPLOYMENT_TARGET = 11.0;
				MARKETING_VERSION = 2.0;
				PRODUCT_BUNDLE_IDENTIFIER = com.stivmalakjan.elparkingapp.tests;
				PRODUCT_NAME = "$(TARGET_NAME)";
				SDKROOT = iphoneos;
				STRING_CATALOG_GENERATE_SYMBOLS = NO;
				SUPPORTED_PLATFORMS = "iphoneos iphonesimulator";
				SWIFT_APPROACHABLE_CONCURRENCY = YES;
				SWIFT_EMIT_LOC_STRINGS = NO;
				SWIFT_UPCOMING_FEATURE_MEMBER_IMPORT_VISIBILITY = YES;
				SWIFT_VERSION = 5.0;
				TARGETED_DEVICE_FAMILY = 1;
				TEST_HOST = "$(BUILT_PRODUCTS_DIR)/EL PARKING APP.app/$(BUNDLE_EXECUTABLE_FOLDER_PATH)/EL PARKING APP";
			};
			name = Release;
		};
		757BEE6D2F7556AA00AA1F6F /* Debug */ = {
			isa = XCBuildConfiguration;
			buildSettings = {
				CODE_SIGN_STYLE = Automatic;
				CURRENT_PROJECT_VERSION = 20;
				DEAD_CODE_STRIPPING = YES;
				DEVELOPMENT_TEAM = MDSFQFZ8DJ;
				GENERATE_INFOPLIST_FILE = YES;
				IPHONEOS_DEPLOYMENT_TARGET = 26.2;
				MARKETING_VERSION = 2.0;
				PRODUCT_BUNDLE_IDENTIFIER = com.stivmalakjan.elparkingapp.uitests;
				PRODUCT_NAME = "$(TARGET_NAME)";
				SDKROOT = auto;
				STRING_CATALOG_GENERATE_SYMBOLS = NO;
				SUPPORTED_PLATFORMS = "iphoneos iphonesimulator";
				SWIFT_APPROACHABLE_CONCURRENCY = YES;
				SWIFT_EMIT_LOC_STRINGS = NO;
				SWIFT_UPCOMING_FEATURE_MEMBER_IMPORT_VISIBILITY = YES;
				SWIFT_VERSION = 5.0;
				TARGETED_DEVICE_FAMILY = 1;
				TEST_TARGET_NAME = "EL PARKING APP";
			};
			name = Debug;
		};
		757BEE6E2F7556AA00AA1F6F /* Release */ = {
			isa = XCBuildConfiguration;
			buildSettings = {
				CODE_SIGN_STYLE = Automatic;
				CURRENT_PROJECT_VERSION = 20;
				DEAD_CODE_STRIPPING = YES;
				DEVELOPMENT_TEAM = MDSFQFZ8DJ;
				GENERATE_INFOPLIST_FILE = YES;
				IPHONEOS_DEPLOYMENT_TARGET = 26.2;
				MARKETING_VERSION = 2.0;
				PRODUCT_BUNDLE_IDENTIFIER = com.stivmalakjan.elparkingapp.uitests;
				PRODUCT_NAME = "$(TARGET_NAME)";
				SDKROOT = auto;
				STRING_CATALOG_GENERATE_SYMBOLS = NO;
				SUPPORTED_PLATFORMS = "iphoneos iphonesimulator";
				SWIFT_APPROACHABLE_CONCURRENCY = YES;
				SWIFT_EMIT_LOC_STRINGS = NO;
				SWIFT_UPCOMING_FEATURE_MEMBER_IMPORT_VISIBILITY = YES;
				SWIFT_VERSION = 5.0;
				TARGETED_DEVICE_FAMILY = 1;
				TEST_TARGET_NAME = "EL PARKING APP";
			};
			name = Release;
		};
		757BEE782F7556AA00AA1F6F /* Debug */ = {
			isa = XCBuildConfiguration;
			buildSettings = {
				CODE_SIGN_ENTITLEMENTS = ParkingWidget/ParkingWidget.entitlements;
				CODE_SIGN_STYLE = Automatic;
				CURRENT_PROJECT_VERSION = 33;
				DEVELOPMENT_TEAM = MDSFQFZ8DJ;
				GENERATE_INFOPLIST_FILE = YES;
				INFOPLIST_FILE = ParkingWidgetInfo.plist;
				INFOPLIST_KEY_CFBundleDisplayName = ParkingWidget;
				INFOPLIST_KEY_NSHumanReadableCopyright = "";
				IPHONEOS_DEPLOYMENT_TARGET = 26.0;
				LD_RUNPATH_SEARCH_PATHS = (
					"@executable_path/Frameworks",
					"@executable_path/../../Frameworks",
				);
				MARKETING_VERSION = 6.6;
				PRODUCT_BUNDLE_IDENTIFIER = com.stivmalakjan.elparkingapp.parkingwidget;
				PRODUCT_NAME = ParkingWidgetExtension;
				SDKROOT = iphoneos;
				SKIP_INSTALL = YES;
				SUPPORTED_PLATFORMS = "iphoneos iphonesimulator";
				SWIFT_APPROACHABLE_CONCURRENCY = YES;
				SWIFT_DEFAULT_ACTOR_ISOLATION = MainActor;
				SWIFT_EMIT_LOC_STRINGS = YES;
				SWIFT_UPCOMING_FEATURE_MEMBER_IMPORT_VISIBILITY = YES;
				SWIFT_VERSION = 5.0;
				TARGETED_DEVICE_FAMILY = 1;
			};
			name = Debug;
		};
		757BEE792F7556AA00AA1F6F /* Release */ = {
			isa = XCBuildConfiguration;
			buildSettings = {
				CODE_SIGN_ENTITLEMENTS = ParkingWidget/ParkingWidget.entitlements;
				CODE_SIGN_STYLE = Automatic;
				CURRENT_PROJECT_VERSION = 33;
				DEVELOPMENT_TEAM = MDSFQFZ8DJ;
				GENERATE_INFOPLIST_FILE = YES;
				INFOPLIST_FILE = ParkingWidgetInfo.plist;
				INFOPLIST_KEY_CFBundleDisplayName = ParkingWidget;
				INFOPLIST_KEY_NSHumanReadableCopyright = "";
				IPHONEOS_DEPLOYMENT_TARGET = 26.0;
				LD_RUNPATH_SEARCH_PATHS = (
					"@executable_path/Frameworks",
					"@executable_path/../../Frameworks",
				);
				MARKETING_VERSION = 6.6;
				PRODUCT_BUNDLE_IDENTIFIER = com.stivmalakjan.elparkingapp.parkingwidget;
				PRODUCT_NAME = ParkingWidgetExtension;
				SDKROOT = iphoneos;
				SKIP_INSTALL = YES;
				SUPPORTED_PLATFORMS = "iphoneos iphonesimulator";
				SWIFT_APPROACHABLE_CONCURRENCY = YES;
				SWIFT_DEFAULT_ACTOR_ISOLATION = MainActor;
				SWIFT_EMIT_LOC_STRINGS = YES;
				SWIFT_UPCOMING_FEATURE_MEMBER_IMPORT_VISIBILITY = YES;
				SWIFT_VERSION = 5.0;
				TARGETED_DEVICE_FAMILY = 1;
			};
			name = Release;
		};
		75B445092F76677200425F09 /* Debug */ = {
			isa = XCBuildConfiguration;
			buildSettings = {
				CODE_SIGN_STYLE = Automatic;
				COPY_PHASE_STRIP = NO;
				CURRENT_PROJECT_VERSION = 33;
				DEVELOPMENT_TEAM = MDSFQFZ8DJ;
				GCC_DYNAMIC_NO_PIC = NO;
				GCC_OPTIMIZATION_LEVEL = 0;
				INFOPLIST_FILE = NotificationContentInfo.plist;
				IPHONEOS_DEPLOYMENT_TARGET = 26.0;
				LD_RUNPATH_SEARCH_PATHS = (
					"@executable_path/Frameworks",
					"@executable_path/../../Frameworks",
				);
				MARKETING_VERSION = 6.6;
				PRODUCT_BUNDLE_IDENTIFIER = com.stivmalakjan.elparkingapp.notificationcontent;
				PRODUCT_NAME = NotificationContent;
				SDKROOT = iphoneos;
				SKIP_INSTALL = YES;
				SUPPORTED_PLATFORMS = "iphoneos iphonesimulator";
				SWIFT_APPROACHABLE_CONCURRENCY = YES;
				SWIFT_DEFAULT_ACTOR_ISOLATION = MainActor;
				SWIFT_EMIT_LOC_STRINGS = YES;
				SWIFT_UPCOMING_FEATURE_MEMBER_IMPORT_VISIBILITY = YES;
				SWIFT_VERSION = 5.0;
				TARGETED_DEVICE_FAMILY = 1;
			};
			name = Debug;
		};
		75B4450A2F76677200425F09 /* Release */ = {
			isa = XCBuildConfiguration;
			buildSettings = {
				CODE_SIGN_STYLE = Automatic;
				COPY_PHASE_STRIP = YES;
				CURRENT_PROJECT_VERSION = 33;
				DEBUG_INFORMATION_FORMAT = "dwarf-with-dsym";
				DEVELOPMENT_TEAM = MDSFQFZ8DJ;
				INFOPLIST_FILE = NotificationContentInfo.plist;
				IPHONEOS_DEPLOYMENT_TARGET = 26.0;
				LD_RUNPATH_SEARCH_PATHS = (
					"@executable_path/Frameworks",
					"@executable_path/../../Frameworks",
				);
				MARKETING_VERSION = 6.6;
				PRODUCT_BUNDLE_IDENTIFIER = com.stivmalakjan.elparkingapp.notificationcontent;
				PRODUCT_NAME = NotificationContent;
				SDKROOT = iphoneos;
				SKIP_INSTALL = YES;
				SUPPORTED_PLATFORMS = "iphoneos iphonesimulator";
				SWIFT_APPROACHABLE_CONCURRENCY = YES;
				SWIFT_DEFAULT_ACTOR_ISOLATION = MainActor;
				SWIFT_EMIT_LOC_STRINGS = YES;
				SWIFT_UPCOMING_FEATURE_MEMBER_IMPORT_VISIBILITY = YES;
				SWIFT_VERSION = 5.0;
				TARGETED_DEVICE_FAMILY = 1;
			};
			name = Release;
		};
/* End XCBuildConfiguration section */

/* Begin XCConfigurationList section */
		757BEE402F7556A800AA1F6F /* Build configuration list for PBXProject "EL PARKING APP" */ = {
			isa = XCConfigurationList;
			buildConfigurations = (
				757BEE642F7556AA00AA1F6F /* Debug */,
				757BEE652F7556AA00AA1F6F /* Release */,
			);
			defaultConfigurationIsVisible = 0;
			defaultConfigurationName = Release;
		};
		757BEE662F7556AA00AA1F6F /* Build configuration list for PBXNativeTarget "EL PARKING APP" */ = {
			isa = XCConfigurationList;
			buildConfigurations = (
				757BEE672F7556AA00AA1F6F /* Debug */,
				757BEE682F7556AA00AA1F6F /* Release */,
			);
			defaultConfigurationIsVisible = 0;
			defaultConfigurationName = Release;
		};
		757BEE692F7556AA00AA1F6F /* Build configuration list for PBXNativeTarget "EL PARKING APPTests" */ = {
			isa = XCConfigurationList;
			buildConfigurations = (
				757BEE6A2F7556AA00AA1F6F /* Debug */,
				757BEE6B2F7556AA00AA1F6F /* Release */,
			);
			defaultConfigurationIsVisible = 0;
			defaultConfigurationName = Release;
		};
		757BEE6C2F7556AA00AA1F6F /* Build configuration list for PBXNativeTarget "EL PARKING APPUITests" */ = {
			isa = XCConfigurationList;
			buildConfigurations = (
				757BEE6D2F7556AA00AA1F6F /* Debug */,
				757BEE6E2F7556AA00AA1F6F /* Release */,
			);
			defaultConfigurationIsVisible = 0;
			defaultConfigurationName = Release;
		};
		757BEE7A2F7556AA00AA1F6F /* Build configuration list for PBXNativeTarget "ParkingWidget" */ = {
			isa = XCConfigurationList;
			buildConfigurations = (
				757BEE782F7556AA00AA1F6F /* Debug */,
				757BEE792F7556AA00AA1F6F /* Release */,
			);
			defaultConfigurationIsVisible = 0;
			defaultConfigurationName = Release;
		};
		75B4450D2F76949F00425F09 /* Build configuration list for PBXNativeTarget "NotificationContent" */ = {
			isa = XCConfigurationList;
			buildConfigurations = (
				75B445092F76677200425F09 /* Debug */,
				75B4450A2F76677200425F09 /* Release */,
			);
			defaultConfigurationIsVisible = 0;
			defaultConfigurationName = Release;
		};
/* End XCConfigurationList section */

/* Begin XCRemoteSwiftPackageReference section */
		75E0E2D22F76DEBB0028B3F6 /* XCRemoteSwiftPackageReference "firebase-ios-sdk" */ = {
			isa = XCRemoteSwiftPackageReference;
			repositoryURL = "https://github.com/firebase/firebase-ios-sdk";
			requirement = {
				kind = upToNextMajorVersion;
				minimumVersion = 11.0.0;
			};
		};
/* End XCRemoteSwiftPackageReference section */

/* Begin XCSwiftPackageProductDependency section */
		754B24152F932CDE007569EF /* FirebaseStorage */ = {
			isa = XCSwiftPackageProductDependency;
			package = 75E0E2D22F76DEBB0028B3F6 /* XCRemoteSwiftPackageReference "firebase-ios-sdk" */;
			productName = FirebaseStorage;
		};
		75AC0002AC0002AC0002AC02 /* FirebaseAppCheck */ = {
			isa = XCSwiftPackageProductDependency;
			package = 75E0E2D22F76DEBB0028B3F6 /* XCRemoteSwiftPackageReference "firebase-ios-sdk" */;
			productName = FirebaseAppCheck;
		};
		75E0E2D32F76DEBB0028B3F6 /* FirebaseAuth */ = {
			isa = XCSwiftPackageProductDependency;
			package = 75E0E2D22F76DEBB0028B3F6 /* XCRemoteSwiftPackageReference "firebase-ios-sdk" */;
			productName = FirebaseAuth;
		};
		75E0E2D52F76DEBB0028B3F6 /* FirebaseFirestore */ = {
			isa = XCSwiftPackageProductDependency;
			package = 75E0E2D22F76DEBB0028B3F6 /* XCRemoteSwiftPackageReference "firebase-ios-sdk" */;
			productName = FirebaseFirestore;
		};
		75E0E2D82F76DEBB0028B3F6 /* FirebaseCore */ = {
			isa = XCSwiftPackageProductDependency;
			package = 75E0E2D22F76DEBB0028B3F6 /* XCRemoteSwiftPackageReference "firebase-ios-sdk" */;
			productName = FirebaseCore;
		};
		75E0E2DB2F76DEBB0028B3F6 /* FirebaseMessaging */ = {
			isa = XCSwiftPackageProductDependency;
			package = 75E0E2D22F76DEBB0028B3F6 /* XCRemoteSwiftPackageReference "firebase-ios-sdk" */;
			productName = FirebaseMessaging;
		};
/* End XCSwiftPackageProductDependency section */
	};
	rootObject = 757BEE3D2F7556A800AA1F6F /* Project object */;
}
